{
  "nodes": {
    "darwin": {
      "inputs": {
        "nixpkgs": [
          "nixpkgs-darwin"
        ]
      },
      "locked": {
        "lastModified": 1728901530,
        "narHash": "sha256-I9Qd0LnAsEGHtKE9+uVR0iDFmsijWSy7GT0g3jihG4Q=",
        "owner": "lnl7",
        "repo": "nix-darwin",
        "rev": "a60ac02f9466f85f092e576fd8364dfc4406b5a6",
        "type": "github"
      },
      "original": {
        "owner": "lnl7",
        "repo": "nix-darwin",
        "type": "github"
      }
    },
    "home-manager-darwin": {
      "inputs": {
        "nixpkgs": [
          "nixpkgs-darwin"
        ]
      },
      "locked": {
        "lastModified": 1735344290,
        "narHash": "sha256-oJDtWPH1oJT34RJK1FSWjwX4qcGOBRkcNQPD0EbSfNM=",
        "owner": "nix-community",
        "repo": "home-manager",
        "rev": "613691f285dad87694c2ba1c9e6298d04736292d",
        "type": "github"
      },
      "original": {
        "owner": "nix-community",
        "ref": "release-24.11",
        "repo": "home-manager",
        "type": "github"
      }
    },
    "nixpkgs-darwin": {
      "locked": {
        "lastModified": 1735531152,
        "narHash": "sha256-As8I+ebItDKtboWgDXYZSIjGlKeqiLBvjxsQHUmAf1Q=",
        "owner": "NixOS",
        "repo": "nixpkgs",
        "rev": "3ffbbdbac0566a0977da3d2657b89cbcfe9a173b",
        "type": "github"
      },
      "original": {
        "owner": "NixOS",
        "ref": "nixpkgs-24.11-darwin",
        "repo": "nixpkgs",
        "type": "github"
      }
    },
    "root": {
      "inputs": {
        "darwin": "darwin",
        "home-manager-darwin": "home-manager-darwin",
        "nixpkgs-darwin": "nixpkgs-darwin"
      }
    }
  },
  "root": "root",
  "version": 7
}
